
Microsoft Visual Studio Solution File, Format Version 12.00
# Visual Studio Version 16
VisualStudioVersion = 16.6.30114.105
MinimumVisualStudioVersion = 10.0.40219.1
Project("{FAE04EC0-301F-11D3-BF4B-00C04F79EFBC}") = "Penguin.Cms.Attributes.Local", "Penguin.Cms.Attributes.Local.csproj", "{4BFAE459-6B5A-4697-B38B-615B71C33192}"
EndProject
Project("{FAE04EC0-301F-11D3-BF4B-00C04F79EFBC}") = "Penguin.Persistence.Abstractions.Local", "..\Penguin.Persistence.Abstractions\Penguin.Persistence.Abstractions.Local.csproj", "{5DE95CF9-2189-4F89-9095-74D33E787892}"
EndProject
Project("{FAE04EC0-301F-11D3-BF4B-00C04F79EFBC}") = "Penguin.Entities.Abstractions.Local", "..\Penguin.Entities.Abstractions\Penguin.Entities.Abstractions.Local.csproj", "{58CD0AF0-FA98-4561-BB80-D2635C51A2D2}"
EndProject
Project("{FAE04EC0-301F-11D3-BF4B-00C04F79EFBC}") = "Penguin.Reflection.Extensions.Local", "..\Penguin.Reflection.Extensions\Penguin.Reflection.Extensions.Local.csproj", "{839303E2-422F-4C20-BE88-8CF1FECFA4E2}"
EndProject
Project("{FAE04EC0-301F-11D3-BF4B-00C04F79EFBC}") = "Penguin.Reflection.Abstractions.Local", "..\Penguin.Reflection.Abstractions\Penguin.Reflection.Abstractions.Local.csproj", "{F14677DB-96F4-4078-9F9C-C4F60FF190CC}"
EndProject
Project("{FAE04EC0-301F-11D3-BF4B-00C04F79EFBC}") = "Penguin.Extensions.String.Local", "..\Penguin.Extensions.String\Penguin.Extensions.String.Local.csproj", "{3C654FAC-294E-44B8-A782-1A6C409F3464}"
EndProject
Global
	GlobalSection(SolutionConfigurationPlatforms) = preSolution
		Debug|Any CPU = Debug|Any CPU
		Debug|x64 = Debug|x64
		Debug|x86 = Debug|x86
		Release|Any CPU = Release|Any CPU
		Release|x64 = Release|x64
		Release|x86 = Release|x86
	EndGlobalSection
	GlobalSection(SolutionProperties) = preSolution
		HideSolutionNode = FALSE
	EndGlobalSection
	GlobalSection(ProjectConfigurationPlatforms) = postSolution
		{4BFAE459-6B5A-4697-B38B-615B71C33192}.Debug|Any CPU.ActiveCfg = Debug|Any CPU
		{4BFAE459-6B5A-4697-B38B-615B71C33192}.Debug|Any CPU.Build.0 = Debug|Any CPU
		{4BFAE459-6B5A-4697-B38B-615B71C33192}.Debug|x64.ActiveCfg = Debug|Any CPU
		{4BFAE459-6B5A-4697-B38B-615B71C33192}.Debug|x64.Build.0 = Debug|Any CPU
		{4BFAE459-6B5A-4697-B38B-615B71C33192}.Debug|x86.ActiveCfg = Debug|Any CPU
		{4BFAE459-6B5A-4697-B38B-615B71C33192}.Debug|x86.Build.0 = Debug|Any CPU
		{4BFAE459-6B5A-4697-B38B-615B71C33192}.Release|Any CPU.ActiveCfg = Release|Any CPU
		{4BFAE459-6B5A-4697-B38B-615B71C33192}.Release|Any CPU.Build.0 = Release|Any CPU
		{4BFAE459-6B5A-4697-B38B-615B71C33192}.Release|x64.ActiveCfg = Release|Any CPU
		{4BFAE459-6B5A-4697-B38B-615B71C33192}.Release|x64.Build.0 = Release|Any CPU
		{4BFAE459-6B5A-4697-B38B-615B71C33192}.Release|x86.ActiveCfg = Release|Any CPU
		{4BFAE459-6B5A-4697-B38B-615B71C33192}.Release|x86.Build.0 = Release|Any CPU
		{5DE95CF9-2189-4F89-9095-74D33E787892}.Debug|Any CPU.ActiveCfg = Debug|Any CPU
		{5DE95CF9-2189-4F89-9095-74D33E787892}.Debug|Any CPU.Build.0 = Debug|Any CPU
		{5DE95CF9-2189-4F89-9095-74D33E787892}.Debug|x64.ActiveCfg = Debug|Any CPU
		{5DE95CF9-2189-4F89-9095-74D33E787892}.Debug|x64.Build.0 = Debug|Any CPU
		{5DE95CF9-2189-4F89-9095-74D33E787892}.Debug|x86.ActiveCfg = Debug|Any CPU
		{5DE95CF9-2189-4F89-9095-74D33E787892}.Debug|x86.Build.0 = Debug|Any CPU
		{5DE95CF9-2189-4F89-9095-74D33E787892}.Release|Any CPU.ActiveCfg = Release|Any CPU
		{5DE95CF9-2189-4F89-9095-74D33E787892}.Release|Any CPU.Build.0 = Release|Any CPU
		{5DE95CF9-2189-4F89-9095-74D33E787892}.Release|x64.ActiveCfg = Release|Any CPU
		{5DE95CF9-2189-4F89-9095-74D33E787892}.Release|x64.Build.0 = Release|Any CPU
		{5DE95CF9-2189-4F89-9095-74D33E787892}.Release|x86.ActiveCfg = Release|Any CPU
		{5DE95CF9-2189-4F89-9095-74D33E787892}.Release|x86.Build.0 = Release|Any CPU
		{58CD0AF0-FA98-4561-BB80-D2635C51A2D2}.Debug|Any CPU.ActiveCfg = Debug|Any CPU
		{58CD0AF0-FA98-4561-BB80-D2635C51A2D2}.Debug|Any CPU.Build.0 = Debug|Any CPU
		{58CD0AF0-FA98-4561-BB80-D2635C51A2D2}.Debug|x64.ActiveCfg = Debug|Any CPU
		{58CD0AF0-FA98-4561-BB80-D2635C51A2D2}.Debug|x64.Build.0 = Debug|Any CPU
		{58CD0AF0-FA98-4561-BB80-D2635C51A2D2}.Debug|x86.ActiveCfg = Debug|Any CPU
		{58CD0AF0-FA98-4561-BB80-D2635C51A2D2}.Debug|x86.Build.0 = Debug|Any CPU
		{58CD0AF0-FA98-4561-BB80-D2635C51A2D2}.Release|Any CPU.ActiveCfg = Release|Any CPU
		{58CD0AF0-FA98-4561-BB80-D2635C51A2D2}.Release|Any CPU.Build.0 = Release|Any CPU
		{58CD0AF0-FA98-4561-BB80-D2635C51A2D2}.Release|x64.ActiveCfg = Release|Any CPU
		{58CD0AF0-FA98-4561-BB80-D2635C51A2D2}.Release|x64.Build.0 = Release|Any CPU
		{58CD0AF0-FA98-4561-BB80-D2635C51A2D2}.Release|x86.ActiveCfg = Release|Any CPU
		{58CD0AF0-FA98-4561-BB80-D2635C51A2D2}.Release|x86.Build.0 = Release|Any CPU
		{839303E2-422F-4C20-BE88-8CF1FECFA4E2}.Debug|Any CPU.ActiveCfg = Debug|Any CPU
		{839303E2-422F-4C20-BE88-8CF1FECFA4E2}.Debug|Any CPU.Build.0 = Debug|Any CPU
		{839303E2-422F-4C20-BE88-8CF1FECFA4E2}.Debug|x64.ActiveCfg = Debug|Any CPU
		{839303E2-422F-4C20-BE88-8CF1FECFA4E2}.Debug|x64.Build.0 = Debug|Any CPU
		{839303E2-422F-4C20-BE88-8CF1FECFA4E2}.Debug|x86.ActiveCfg = Debug|Any CPU
		{839303E2-422F-4C20-BE88-8CF1FECFA4E2}.Debug|x86.Build.0 = Debug|Any CPU
		{839303E2-422F-4C20-BE88-8CF1FECFA4E2}.Release|Any CPU.ActiveCfg = Release|Any CPU
		{839303E2-422F-4C20-BE88-8CF1FECFA4E2}.Release|Any CPU.Build.0 = Release|Any CPU
		{839303E2-422F-4C20-BE88-8CF1FECFA4E2}.Release|x64.ActiveCfg = Release|Any CPU
		{839303E2-422F-4C20-BE88-8CF1FECFA4E2}.Release|x64.Build.0 = Release|Any CPU
		{839303E2-422F-4C20-BE88-8CF1FECFA4E2}.Release|x86.ActiveCfg = Release|Any CPU
		{839303E2-422F-4C20-BE88-8CF1FECFA4E2}.Release|x86.Build.0 = Release|Any CPU
		{F14677DB-96F4-4078-9F9C-C4F60FF190CC}.Debug|Any CPU.ActiveCfg = Debug|Any CPU
		{F14677DB-96F4-4078-9F9C-C4F60FF190CC}.Debug|Any CPU.Build.0 = Debug|Any CPU
		{F14677DB-96F4-4078-9F9C-C4F60FF190CC}.Debug|x64.ActiveCfg = Debug|Any CPU
		{F14677DB-96F4-4078-9F9C-C4F60FF190CC}.Debug|x64.Build.0 = Debug|Any CPU
		{F14677DB-96F4-4078-9F9C-C4F60FF190CC}.Debug|x86.ActiveCfg = Debug|Any CPU
		{F14677DB-96F4-4078-9F9C-C4F60FF190CC}.Debug|x86.Build.0 = Debug|Any CPU
		{F14677DB-96F4-4078-9F9C-C4F60FF190CC}.Release|Any CPU.ActiveCfg = Release|Any CPU
		{F14677DB-96F4-4078-9F9C-C4F60FF190CC}.Release|Any CPU.Build.0 = Release|Any CPU
		{F14677DB-96F4-4078-9F9C-C4F60FF190CC}.Release|x64.ActiveCfg = Release|Any CPU
		{F14677DB-96F4-4078-9F9C-C4F60FF190CC}.Release|x64.Build.0 = Release|Any CPU
		{F14677DB-96F4-4078-9F9C-C4F60FF190CC}.Release|x86.ActiveCfg = Release|Any CPU
		{F14677DB-96F4-4078-9F9C-C4F60FF190CC}.Release|x86.Build.0 = Release|Any CPU
		{3C654FAC-294E-44B8-A782-1A6C409F3464}.Debug|Any CPU.ActiveCfg = Debug|Any CPU
		{3C654FAC-294E-44B8-A782-1A6C409F3464}.Debug|Any CPU.Build.0 = Debug|Any CPU
		{3C654FAC-294E-44B8-A782-1A6C409F3464}.Debug|x64.ActiveCfg = Debug|Any CPU
		{3C654FAC-294E-44B8-A782-1A6C409F3464}.Debug|x64.Build.0 = Debug|Any CPU
		{3C654FAC-294E-44B8-A782-1A6C409F3464}.Debug|x86.ActiveCfg = Debug|Any CPU
		{3C654FAC-294E-44B8-A782-1A6C409F3464}.Debug|x86.Build.0 = Debug|Any CPU
		{3C654FAC-294E-44B8-A782-1A6C409F3464}.Release|Any CPU.ActiveCfg = Release|Any CPU
		{3C654FAC-294E-44B8-A782-1A6C409F3464}.Release|Any CPU.Build.0 = Release|Any CPU
		{3C654FAC-294E-44B8-A782-1A6C409F3464}.Release|x64.ActiveCfg = Release|Any CPU
		{3C654FAC-294E-44B8-A782-1A6C409F3464}.Release|x64.Build.0 = Release|Any CPU
		{3C654FAC-294E-44B8-A782-1A6C409F3464}.Release|x86.ActiveCfg = Release|Any CPU
		{3C654FAC-294E-44B8-A782-1A6C409F3464}.Release|x86.Build.0 = Release|Any CPU
	EndGlobalSection
EndGlobal
